
Microsoft Visual Studio Solution File, Format Version 12.00
# Visual Studio Version 17
VisualStudioVersion = 17.11.35327.3
MinimumVisualStudioVersion = 10.0.40219.1
Project("{FAE04EC0-301F-11D3-BF4B-00C04F79EFBC}") = "Button_20135831", "Button_20135831.csproj", "{9FCC9F90-0A35-4533-A207-0F6A0F4DDED5}"
EndProject
Global
	GlobalSection(SolutionConfigurationPlatforms) = preSolution
		Debug|Any CPU = Debug|Any CPU
		Release|Any CPU = Release|Any CPU
	EndGlobalSection
	GlobalSection(ProjectConfigurationPlatforms) = postSolution
		{9FCC9F90-0A35-4533-A207-0F6A0F4DDED5}.Debug|Any CPU.ActiveCfg = Debug|Any CPU
		{9FCC9F90-0A35-4533-A207-0F6A0F4DDED5}.Debug|Any CPU.Build.0 = Debug|Any CPU
		{9FCC9F90-0A35-4533-A207-0F6A0F4DDED5}.Release|Any CPU.ActiveCfg = Release|Any CPU
		{9FCC9F90-0A35-4533-A207-0F6A0F4DDED5}.Release|Any CPU.Build.0 = Release|Any CPU
	EndGlobalSection
	GlobalSection(SolutionProperties) = preSolution
		HideSolutionNode = FALSE
	EndGlobalSection
	GlobalSection(ExtensibilityGlobals) = postSolution
		SolutionGuid = {B4F6078E-C69D-45BF-93EA-DFA63616734A}
	EndGlobalSection
EndGlobal
